<?xml version="1.0" encoding="utf-8"?>
<Project ToolsVersion="4.0" xmlns="http://schemas.microsoft.com/developer/msbuild/2003">
  <ItemGroup>
    <ClCompile Include="Circuit.cpp" />
    <ClCompile Include="Factory.cpp" />
    <ClCompile Include="Filereader.cpp" />
    <ClCompile Include="Input.cpp" />
    <ClCompile Include="Main.cpp" />
    <ClCompile Include="Mediator.cpp" />
    <ClCompile Include="Output.cpp" />
    <ClCompile Include="Probe.cpp" />
    <ClCompile Include="Simulation.cpp" />
    <ClCompile Include="Visitor.cpp" />
    <ClCompile Include="Nodes\AND.cpp" />
    <ClCompile Include="Nodes\NAND.cpp" />
    <ClCompile Include="Nodes\Node.cpp" />
    <ClCompile Include="Nodes\NOR.cpp" />
    <ClCompile Include="Nodes\NOT.cpp" />
    <ClCompile Include="Nodes\OR.cpp" />
    <ClCompile Include="Nodes\XOR.cpp" />
    <ClCompile Include="Nodes\XNOR.cpp" />
    <ClCompile Include="Composite\Component.cpp" />
    <ClCompile Include="Composite\Composite.cpp" />
    <ClCompile Include="Composite\Edge.cpp" />
    <ClCompile Include="States\State.cpp" />
    <ClCompile Include="States\InitState.cpp" />
    <ClCompile Include="States\RunningState.cpp" />
    <ClCompile Include="States\FinishState.cpp" />
    <ClCompile Include="DiagramGeneration\CppGenerator.cpp" />
    <ClCompile Include="DiagramGeneration\Generator.cpp" />
    <ClCompile Include="DiagramGeneration\JsGenerator.cpp" />
    <ClCompile Include="DiagramGeneration\LineSegmentBuilder.cpp" />
  </ItemGroup>
  <ItemGroup>
    <ClInclude Include="Circuit.h" />
    <ClInclude Include="Defines.h" />
    <ClInclude Include="Factory.h" />
    <ClInclude Include="Filereader.h" />
    <ClInclude Include="Input.h" />
    <ClInclude Include="Mediator.h" />
    <ClInclude Include="Output.h" />
    <ClInclude Include="Probe.h" />
    <ClInclude Include="Simulation.h" />
    <ClInclude Include="Visitor.h" />
    <ClInclude Include="Nodes\AND.h" />
    <ClInclude Include="Nodes\NAND.h" />
    <ClInclude Include="Nodes\Node.h" />
    <ClInclude Include="Nodes\NOR.h" />
    <ClInclude Include="Nodes\NOT.h" />
    <ClInclude Include="Nodes\OR.h" />
    <ClInclude Include="Nodes\XOR.h" />
    <ClInclude Include="Nodes\XNOR.h" />
    <ClInclude Include="Composite\Component.h" />
    <ClInclude Include="Composite\Composite.h" />
    <ClInclude Include="Composite\Edge.h" />
    <ClInclude Include="States\State.h" />
    <ClInclude Include="States\InitState.h" />
    <ClInclude Include="States\RunningState.h" />
    <ClInclude Include="States\FinishState.h" />
    <ClInclude Include="DiagramGeneration\CppGenerator.h" />
    <ClInclude Include="DiagramGeneration\Generator.h" />
    <ClInclude Include="DiagramGeneration\JsGenerator.h" />
    <ClInclude Include="DiagramGeneration\Vector.h" />
    <ClInclude Include="DiagramGeneration\LineSegment.h" />
    <ClInclude Include="DiagramGeneration\VisualNode.h" />
    <ClInclude Include="DiagramGeneration\EdgePopulation.h" />
    <ClInclude Include="DiagramGeneration\Column.h" />
    <ClInclude Include="DiagramGeneration\SvgElement.h" />
    <ClInclude Include="DiagramGeneration\LineSegmentBuilder.h" />
  </ItemGroup>
  <ItemGroup>
    <None Include="DiagramVisualisation\projects\svg_based\style.css" />
  </ItemGroup>
</Project>